
Microsoft Visual Studio Solution File, Format Version 12.00
Project("{2150E333-8FDC-42A3-9474-1A3956D46DE8}") = "Samples", "Samples", "{F6C8EF91-FA5D-4FED-946E-C00E723FCDFC}"
EndProject
Project("{2150E333-8FDC-42A3-9474-1A3956D46DE8}") = "Src", "Src", "{91D494D8-7C6E-47F9-86CD-1FA6452850DC}"
EndProject
Project("{2150E333-8FDC-42A3-9474-1A3956D46DE8}") = "Tests", "Tests", "{1FD2166C-B4E2-4108-9009-0FE4A5181B9E}"
EndProject
Project("{FAE04EC0-301F-11D3-BF4B-00C04F79EFBC}") = "DaisyFx.Tests", "tests\DaisyFx.Tests\DaisyFx.Tests.csproj", "{DCD7659C-044E-4F60-BA5B-DDA1EB07883B}"
EndProject
Project("{FAE04EC0-301F-11D3-BF4B-00C04F79EFBC}") = "DaisyFx.NCrontab", "src\DaisyFx.NCrontab\DaisyFx.NCrontab.csproj", "{E6EB6FB2-7326-4455-A87A-EE6BC83DBE78}"
EndProject
Project("{FAE04EC0-301F-11D3-BF4B-00C04F79EFBC}") = "DaisyFx", "src\DaisyFx\DaisyFx.csproj", "{784C8D33-A2AE-4221-9926-247C3DAF84D2}"
EndProject
Project("{FAE04EC0-301F-11D3-BF4B-00C04F79EFBC}") = "DaisyFx.Samples.KitchenSink", "samples\DaisyFx.Samples.KitchenSink\DaisyFx.Samples.KitchenSink.csproj", "{BBE120CA-5B70-4A36-88B3-CB1B773636D7}"
EndProject
Project("{FAE04EC0-301F-11D3-BF4B-00C04F79EFBC}") = "DaisyFx.NCrontab.Tests", "tests\DaisyFx.NCrontab.Tests\DaisyFx.NCrontab.Tests.csproj", "{7B38FE4B-21E0-4479-B3CA-E3D3E119ECD1}"
EndProject
Project("{FAE04EC0-301F-11D3-BF4B-00C04F79EFBC}") = "DaisyFx.TestHelpers", "tests\DaisyFx.TestHelpers\DaisyFx.TestHelpers.csproj", "{1E021EE0-BD55-4A2D-A0DC-1772D0C83F9D}"
EndProject
Project("{FAE04EC0-301F-11D3-BF4B-00C04F79EFBC}") = "DaisyFx.Raygun", "src\DaisyFx.Raygun\DaisyFx.Raygun.csproj", "{67427CBE-66FE-4DB4-A8E1-3AFDDEF07979}"
EndProject
Project("{FAE04EC0-301F-11D3-BF4B-00C04F79EFBC}") = "DaisyFx.Samples.Webhook", "samples\DaisyFx.Samples.Webhook\DaisyFx.Samples.Webhook.csproj", "{7AA6FD96-8C5A-4340-BA94-E25CD88923B4}"
EndProject
Project("{FAE04EC0-301F-11D3-BF4B-00C04F79EFBC}") = "DaisyFx.Samples.LoanBroker", "samples\DaisyFx.Samples.LoanBroker\DaisyFx.Samples.LoanBroker.csproj", "{E8D8CF0B-B38C-4D12-833E-FFBFB48074C0}"
EndProject
Project("{FAE04EC0-301F-11D3-BF4B-00C04F79EFBC}") = "DaisyFx.Samples.LoanBroker.Tests", "samples\DaisyFx.Samples.LoanBroker.Tests\DaisyFx.Samples.LoanBroker.Tests.csproj", "{254BF597-4359-46D8-A3FD-BBA9901C2870}"
EndProject
Global
	GlobalSection(SolutionConfigurationPlatforms) = preSolution
		Debug|Any CPU = Debug|Any CPU
		Release|Any CPU = Release|Any CPU
	EndGlobalSection
	GlobalSection(ProjectConfigurationPlatforms) = postSolution
		{B9BF2BE0-1B45-4205-BDC3-4F891D11CDBF}.Debug|Any CPU.ActiveCfg = Debug|Any CPU
		{B9BF2BE0-1B45-4205-BDC3-4F891D11CDBF}.Debug|Any CPU.Build.0 = Debug|Any CPU
		{B9BF2BE0-1B45-4205-BDC3-4F891D11CDBF}.Release|Any CPU.ActiveCfg = Release|Any CPU
		{B9BF2BE0-1B45-4205-BDC3-4F891D11CDBF}.Release|Any CPU.Build.0 = Release|Any CPU
		{AABEE51F-EF05-49C7-850C-DA022333402D}.Debug|Any CPU.ActiveCfg = Debug|Any CPU
		{AABEE51F-EF05-49C7-850C-DA022333402D}.Debug|Any CPU.Build.0 = Debug|Any CPU
		{AABEE51F-EF05-49C7-850C-DA022333402D}.Release|Any CPU.ActiveCfg = Release|Any CPU
		{AABEE51F-EF05-49C7-850C-DA022333402D}.Release|Any CPU.Build.0 = Release|Any CPU
		{DCD7659C-044E-4F60-BA5B-DDA1EB07883B}.Debug|Any CPU.ActiveCfg = Debug|Any CPU
		{DCD7659C-044E-4F60-BA5B-DDA1EB07883B}.Debug|Any CPU.Build.0 = Debug|Any CPU
		{DCD7659C-044E-4F60-BA5B-DDA1EB07883B}.Release|Any CPU.ActiveCfg = Release|Any CPU
		{DCD7659C-044E-4F60-BA5B-DDA1EB07883B}.Release|Any CPU.Build.0 = Release|Any CPU
		{E6EB6FB2-7326-4455-A87A-EE6BC83DBE78}.Debug|Any CPU.ActiveCfg = Debug|Any CPU
		{E6EB6FB2-7326-4455-A87A-EE6BC83DBE78}.Debug|Any CPU.Build.0 = Debug|Any CPU
		{E6EB6FB2-7326-4455-A87A-EE6BC83DBE78}.Release|Any CPU.ActiveCfg = Release|Any CPU
		{E6EB6FB2-7326-4455-A87A-EE6BC83DBE78}.Release|Any CPU.Build.0 = Release|Any CPU
		{784C8D33-A2AE-4221-9926-247C3DAF84D2}.Debug|Any CPU.ActiveCfg = Debug|Any CPU
		{784C8D33-A2AE-4221-9926-247C3DAF84D2}.Debug|Any CPU.Build.0 = Debug|Any CPU
		{784C8D33-A2AE-4221-9926-247C3DAF84D2}.Release|Any CPU.ActiveCfg = Release|Any CPU
		{784C8D33-A2AE-4221-9926-247C3DAF84D2}.Release|Any CPU.Build.0 = Release|Any CPU
		{BBE120CA-5B70-4A36-88B3-CB1B773636D7}.Debug|Any CPU.ActiveCfg = Debug|Any CPU
		{BBE120CA-5B70-4A36-88B3-CB1B773636D7}.Debug|Any CPU.Build.0 = Debug|Any CPU
		{BBE120CA-5B70-4A36-88B3-CB1B773636D7}.Release|Any CPU.ActiveCfg = Release|Any CPU
		{BBE120CA-5B70-4A36-88B3-CB1B773636D7}.Release|Any CPU.Build.0 = Release|Any CPU
		{7B38FE4B-21E0-4479-B3CA-E3D3E119ECD1}.Debug|Any CPU.ActiveCfg = Debug|Any CPU
		{7B38FE4B-21E0-4479-B3CA-E3D3E119ECD1}.Debug|Any CPU.Build.0 = Debug|Any CPU
		{7B38FE4B-21E0-4479-B3CA-E3D3E119ECD1}.Release|Any CPU.ActiveCfg = Release|Any CPU
		{7B38FE4B-21E0-4479-B3CA-E3D3E119ECD1}.Release|Any CPU.Build.0 = Release|Any CPU
		{1E021EE0-BD55-4A2D-A0DC-1772D0C83F9D}.Debug|Any CPU.ActiveCfg = Debug|Any CPU
		{1E021EE0-BD55-4A2D-A0DC-1772D0C83F9D}.Debug|Any CPU.Build.0 = Debug|Any CPU
		{1E021EE0-BD55-4A2D-A0DC-1772D0C83F9D}.Release|Any CPU.ActiveCfg = Release|Any CPU
		{1E021EE0-BD55-4A2D-A0DC-1772D0C83F9D}.Release|Any CPU.Build.0 = Release|Any CPU
		{67427CBE-66FE-4DB4-A8E1-3AFDDEF07979}.Debug|Any CPU.ActiveCfg = Debug|Any CPU
		{67427CBE-66FE-4DB4-A8E1-3AFDDEF07979}.Debug|Any CPU.Build.0 = Debug|Any CPU
		{67427CBE-66FE-4DB4-A8E1-3AFDDEF07979}.Release|Any CPU.ActiveCfg = Release|Any CPU
		{67427CBE-66FE-4DB4-A8E1-3AFDDEF07979}.Release|Any CPU.Build.0 = Release|Any CPU
		{7AA6FD96-8C5A-4340-BA94-E25CD88923B4}.Debug|Any CPU.ActiveCfg = Debug|Any CPU
		{7AA6FD96-8C5A-4340-BA94-E25CD88923B4}.Debug|Any CPU.Build.0 = Debug|Any CPU
		{7AA6FD96-8C5A-4340-BA94-E25CD88923B4}.Release|Any CPU.ActiveCfg = Release|Any CPU
		{7AA6FD96-8C5A-4340-BA94-E25CD88923B4}.Release|Any CPU.Build.0 = Release|Any CPU
		{E8D8CF0B-B38C-4D12-833E-FFBFB48074C0}.Debug|Any CPU.ActiveCfg = Debug|Any CPU
		{E8D8CF0B-B38C-4D12-833E-FFBFB48074C0}.Debug|Any CPU.Build.0 = Debug|Any CPU
		{E8D8CF0B-B38C-4D12-833E-FFBFB48074C0}.Release|Any CPU.ActiveCfg = Release|Any CPU
		{E8D8CF0B-B38C-4D12-833E-FFBFB48074C0}.Release|Any CPU.Build.0 = Release|Any CPU
		{254BF597-4359-46D8-A3FD-BBA9901C2870}.Debug|Any CPU.ActiveCfg = Debug|Any CPU
		{254BF597-4359-46D8-A3FD-BBA9901C2870}.Debug|Any CPU.Build.0 = Debug|Any CPU
		{254BF597-4359-46D8-A3FD-BBA9901C2870}.Release|Any CPU.ActiveCfg = Release|Any CPU
		{254BF597-4359-46D8-A3FD-BBA9901C2870}.Release|Any CPU.Build.0 = Release|Any CPU
	EndGlobalSection
	GlobalSection(NestedProjects) = preSolution
		{DCD7659C-044E-4F60-BA5B-DDA1EB07883B} = {1FD2166C-B4E2-4108-9009-0FE4A5181B9E}
		{E6EB6FB2-7326-4455-A87A-EE6BC83DBE78} = {91D494D8-7C6E-47F9-86CD-1FA6452850DC}
		{784C8D33-A2AE-4221-9926-247C3DAF84D2} = {91D494D8-7C6E-47F9-86CD-1FA6452850DC}
		{BBE120CA-5B70-4A36-88B3-CB1B773636D7} = {F6C8EF91-FA5D-4FED-946E-C00E723FCDFC}
		{7B38FE4B-21E0-4479-B3CA-E3D3E119ECD1} = {1FD2166C-B4E2-4108-9009-0FE4A5181B9E}
		{1E021EE0-BD55-4A2D-A0DC-1772D0C83F9D} = {1FD2166C-B4E2-4108-9009-0FE4A5181B9E}
		{67427CBE-66FE-4DB4-A8E1-3AFDDEF07979} = {91D494D8-7C6E-47F9-86CD-1FA6452850DC}
		{7AA6FD96-8C5A-4340-BA94-E25CD88923B4} = {F6C8EF91-FA5D-4FED-946E-C00E723FCDFC}
		{E8D8CF0B-B38C-4D12-833E-FFBFB48074C0} = {F6C8EF91-FA5D-4FED-946E-C00E723FCDFC}
		{254BF597-4359-46D8-A3FD-BBA9901C2870} = {F6C8EF91-FA5D-4FED-946E-C00E723FCDFC}
	EndGlobalSection
EndGlobal
